// !$*UTF8*$!
{
	archiveVersion = 1;
	classes = {
	};
	objectVersion = 50;
	objects = {

/* Begin PBXBuildFile section */
		6F6E80EF20CF704200E5F509 /* AppDelegate.swift in Sources */ = {isa = PBXBuildFile; fileRef = 6F6E80EE20CF704200E5F509 /* AppDelegate.swift */; };
		6F6E80F120CF704200E5F509 /* ViewController.swift in Sources */ = {isa = PBXBuildFile; fileRef = 6F6E80F020CF704200E5F509 /* ViewController.swift */; };
		6F6E80F420CF704200E5F509 /* Main.storyboard in Resources */ = {isa = PBXBuildFile; fileRef = 6F6E80F220CF704200E5F509 /* Main.storyboard */; };
		6F6E80F620CF704500E5F509 /* Assets.xcassets in Resources */ = {isa = PBXBuildFile; fileRef = 6F6E80F520CF704500E5F509 /* Assets.xcassets */; };
		6F6E80F920CF704500E5F509 /* LaunchScreen.storyboard in Resources */ = {isa = PBXBuildFile; fileRef = 6F6E80F720CF704500E5F509 /* LaunchScreen.storyboard */; };
		6F6E810420CF704600E5F509 /* LoginTests.swift in Sources */ = {isa = PBXBuildFile; fileRef = 6F6E810320CF704600E5F509 /* LoginTests.swift */; };
		6F6E810F20CF704600E5F509 /* LoginUITests.swift in Sources */ = {isa = PBXBuildFile; fileRef = 6F6E810E20CF704600E5F509 /* LoginUITests.swift */; };
/* End PBXBuildFile section */

/* Begin PBXContainerItemProxy section */
		6F6E810020CF704600E5F509 /* PBXContainerItemProxy */ = {
			isa = PBXContainerItemProxy;
			containerPortal = 6F6E80E320CF704200E5F509 /* Project object */;
			proxyType = 1;
			remoteGlobalIDString = 6F6E80EA20CF704200E5F509;
			remoteInfo = Login;
		};
		6F6E810B20CF704600E5F509 /* PBXContainerItemProxy */ = {
			isa = PBXContainerItemProxy;
			containerPortal = 6F6E80E320CF704200E5F509 /* Project object */;
			proxyType = 1;
			remoteGlobalIDString = 6F6E80EA20CF704200E5F509;
			remoteInfo = Login;
		};
/* End PBXContainerItemProxy section */

/* Begin PBXFileReference section */
		6F6E80EB20CF704200E5F509 /* Login.app */ = {isa = PBXFileReference; explicitFileType = wrapper.application; includeInIndex = 0; path = Login.app; sourceTree = BUILT_PRODUCTS_DIR; };
		6F6E80EE20CF704200E5F509 /* AppDelegate.swift */ = {isa = PBXFileReference; lastKnownFileType = sourcecode.swift; path = AppDelegate.swift; sourceTree = "<group>"; };
		6F6E80F020CF704200E5F509 /* ViewController.swift */ = {isa = PBXFileReference; lastKnownFileType = sourcecode.swift; path = ViewController.swift; sourceTree = "<group>"; };
		6F6E80F320CF704200E5F509 /* Base */ = {isa = PBXFileReference; lastKnownFileType = file.storyboard; name = Base; path = Base.lproj/Main.storyboard; sourceTree = "<group>"; };
		6F6E80F520CF704500E5F509 /* Assets.xcassets */ = {isa = PBXFileReference; lastKnownFileType = folder.assetcatalog; path = Assets.xcassets; sourceTree = "<group>"; };
		6F6E80F820CF704500E5F509 /* Base */ = {isa = PBXFileReference; lastKnownFileType = file.storyboard; name = Base; path = Base.lproj/LaunchScreen.storyboard; sourceTree = "<group>"; };
		6F6E80FA20CF704500E5F509 /* Info.plist */ = {isa = PBXFileReference; lastKnownFileType = text.plist.xml; path = Info.plist; sourceTree = "<group>"; };
		6F6E80FF20CF704600E5F509 /* LoginTests.xctest */ = {isa = PBXFileReference; explicitFileType = wrapper.cfbundle; includeInIndex = 0; path = LoginTests.xctest; sourceTree = BUILT_PRODUCTS_DIR; };
		6F6E810320CF704600E5F509 /* LoginTests.swift */ = {isa = PBXFileReference; lastKnownFileType = sourcecode.swift; path = LoginTests.swift; sourceTree = "<group>"; };
		6F6E810520CF704600E5F509 /* Info.plist */ = {isa = PBXFileReference; lastKnownFileType = text.plist.xml; path = Info.plist; sourceTree = "<group>"; };
		6F6E810A20CF704600E5F509 /* LoginUITests.xctest */ = {isa = PBXFileReference; explicitFileType = wrapper.cfbundle; includeInIndex = 0; path = LoginUITests.xctest; sourceTree = BUILT_PRODUCTS_DIR; };
		6F6E810E20CF704600E5F509 /* LoginUITests.swift */ = {isa = PBXFileReference; lastKnownFileType = sourcecode.swift; path = LoginUITests.swift; sourceTree = "<group>"; };
		6F6E811020CF704600E5F509 /* Info.plist */ = {isa = PBXFileReference; lastKnownFileType = text.plist.xml; path = Info.plist; sourceTree = "<group>"; };
/* End PBXFileReference section */

/* Begin PBXFrameworksBuildPhase section */
		6F6E80E820CF704200E5F509 /* Frameworks */ = {
			isa = PBXFrameworksBuildPhase;
			buildActionMask = 2147483647;
			files = (
			);
			runOnlyForDeploymentPostprocessing = 0;
		};
		6F6E80FC20CF704600E5F509 /* Frameworks */ = {
			isa = PBXFrameworksBuildPhase;
			buildActionMask = 2147483647;
			files = (
			);
			runOnlyForDeploymentPostprocessing = 0;
		};
		6F6E810720CF704600E5F509 /* Frameworks */ = {
			isa = PBXFrameworksBuildPhase;
			buildActionMask = 2147483647;
			files = (
			);
			runOnlyForDeploymentPostprocessing = 0;
		};
/* End PBXFrameworksBuildPhase section */

/* Begin PBXGroup section */
		6F6E80E220CF704200E5F509 = {
			isa = PBXGroup;
			children = (
				6F6E80ED20CF704200E5F509 /* Login */,
				6F6E810220CF704600E5F509 /* LoginTests */,
				6F6E810D20CF704600E5F509 /* LoginUITests */,
				6F6E80EC20CF704200E5F509 /* Products */,
			);
			sourceTree = "<group>";
		};
		6F6E80EC20CF704200E5F509 /* Products */ = {
			isa = PBXGroup;
			children = (
				6F6E80EB20CF704200E5F509 /* Login.app */,
				6F6E80FF20CF704600E5F509 /* LoginTests.xctest */,
				6F6E810A20CF704600E5F509 /* LoginUITests.xctest */,
			);
			name = Products;
			sourceTree = "<group>";
		};
		6F6E80ED20CF704200E5F509 /* Login */ = {
			isa = PBXGroup;
			children = (
				6F6E80EE20CF704200E5F509 /* AppDelegate.swift */,
				6F6E80F020CF704200E5F509 /* ViewController.swift */,
				6F6E80F220CF704200E5F509 /* Main.storyboard */,
				6F6E80F520CF704500E5F509 /* Assets.xcassets */,
				6F6E80F720CF704500E5F509 /* LaunchScreen.storyboard */,
				6F6E80FA20CF704500E5F509 /* Info.plist */,
			);
			path = Login;
			sourceTree = "<group>";
		};
		6F6E810220CF704600E5F509 /* LoginTests */ = {
			isa = PBXGroup;
			children = (
				6F6E810320CF704600E5F509 /* LoginTests.swift */,
				6F6E810520CF704600E5F509 /* Info.plist */,
			);
			path = LoginTests;
			sourceTree = "<group>";
		};
		6F6E810D20CF704600E5F509 /* LoginUITests */ = {
			isa = PBXGroup;
			children = (
				6F6E810E20CF704600E5F509 /* LoginUITests.swift */,
				6F6E811020CF704600E5F509 /* Info.plist */,
			);
			path = LoginUITests;
			sourceTree = "<group>";
		};
/* End PBXGroup section */

/* Begin PBXNativeTarget section */
		6F6E80EA20CF704200E5F509 /* Login */ = {
			isa = PBXNativeTarget;
			buildConfigurationList = 6F6E811320CF704600E5F509 /* Build configuration list for PBXNativeTarget "Login" */;
			buildPhases = (
				6F6E80E720CF704200E5F509 /* Sources */,
				6F6E80E820CF704200E5F509 /* Frameworks */,
				6F6E80E920CF704200E5F509 /* Resources */,
			);
			buildRules = (
			);
			dependencies = (
			);
			name = Login;
			productName = Login;
			productReference = 6F6E80EB20CF704200E5F509 /* Login.app */;
			productType = "com.apple.product-type.application";
		};
		6F6E80FE20CF704600E5F509 /* LoginTests */ = {
			isa = PBXNativeTarget;
			buildConfigurationList = 6F6E811620CF704600E5F509 /* Build configuration list for PBXNativeTarget "LoginTests" */;
			buildPhases = (
				6F6E80FB20CF704600E5F509 /* Sources */,
				6F6E80FC20CF704600E5F509 /* Frameworks */,
				6F6E80FD20CF704600E5F509 /* Resources */,
			);
			buildRules = (
			);
			dependencies = (
				6F6E810120CF704600E5F509 /* PBXTargetDependency */,
			);
			name = LoginTests;
			productName = LoginTests;
			productReference = 6F6E80FF20CF704600E5F509 /* LoginTests.xctest */;
			productType = "com.apple.product-type.bundle.unit-test";
		};
		6F6E810920CF704600E5F509 /* LoginUITests */ = {
			isa = PBXNativeTarget;
			buildConfigurationList = 6F6E811920CF704600E5F509 /* Build configuration list for PBXNativeTarget "LoginUITests" */;
			buildPhases = (
				6F6E810620CF704600E5F509 /* Sources */,
				6F6E810720CF704600E5F509 /* Frameworks */,
				6F6E810820CF704600E5F509 /* Resources */,
			);
			buildRules = (
			);
			dependencies = (
				6F6E810C20CF704600E5F509 /* PBXTargetDependency */,
			);
			name = LoginUITests;
			productName = LoginUITests;
			productReference = 6F6E810A20CF704600E5F509 /* LoginUITests.xctest */;
			productType = "com.apple.product-type.bundle.ui-testing";
		};
/* End PBXNativeTarget section */

/* Begin PBXProject section */
		6F6E80E320CF704200E5F509 /* Project object */ = {
			isa = PBXProject;
			attributes = {
				LastSwiftUpdateCheck = 0940;
				LastUpgradeCheck = 0940;
				ORGANIZATIONNAME = "Kemin Suenggittawisuthi";
				TargetAttributes = {
					6F6E80EA20CF704200E5F509 = {
						CreatedOnToolsVersion = 9.4;
					};
					6F6E80FE20CF704600E5F509 = {
						CreatedOnToolsVersion = 9.4;
						TestTargetID = 6F6E80EA20CF704200E5F509;
					};
					6F6E810920CF704600E5F509 = {
						CreatedOnToolsVersion = 9.4;
						TestTargetID = 6F6E80EA20CF704200E5F509;
					};
				};
			};
			buildConfigurationList = 6F6E80E620CF704200E5F509 /* Build configuration list for PBXProject "Login" */;
			compatibilityVersion = "Xcode 9.3";
			developmentRegion = en;
			hasScannedForEncodings = 0;
			knownRegions = (
				en,
				Base,
			);
			mainGroup = 6F6E80E220CF704200E5F509;
			productRefGroup = 6F6E80EC20CF704200E5F509 /* Products */;
			projectDirPath = "";
			projectRoot = "";
			targets = (
				6F6E80EA20CF704200E5F509 /* Login */,
				6F6E80FE20CF704600E5F509 /* LoginTests */,
				6F6E810920CF704600E5F509 /* LoginUITests */,
			);
		};
/* End PBXProject section */

/* Begin PBXResourcesBuildPhase section */
		6F6E80E920CF704200E5F509 /* Resources */ = {
			isa = PBXResourcesBuildPhase;
			buildActionMask = 2147483647;
			files = (
				6F6E80F920CF704500E5F509 /* LaunchScreen.storyboard in Resources */,
				6F6E80F620CF704500E5F509 /* Assets.xcassets in Resources */,
				6F6E80F420CF704200E5F509 /* Main.storyboard in Resources */,
			);
			runOnlyForDeploymentPostprocessing = 0;
		};
		6F6E80FD20CF704600E5F509 /* Resources */ = {
			isa = PBXResourcesBuildPhase;
			buildActionMask = 2147483647;
			files = (
			);
			runOnlyForDeploymentPostprocessing = 0;
		};
		6F6E810820CF704600E5F509 /* Resources */ = {
			isa = PBXResourcesBuildPhase;
			buildActionMask = 2147483647;
			files = (
			);
			runOnlyForDeploymentPostprocessing = 0;
		};
/* End PBXResourcesBuildPhase section */

/* Begin PBXSourcesBuildPhase section */
		6F6E80E720CF704200E5F509 /* Sources */ = {
			isa = PBXSourcesBuildPhase;
			buildActionMask = 2147483647;
			files = (
				6F6E80F120CF704200E5F509 /* ViewController.swift in Sources */,
				6F6E80EF20CF704200E5F509 /* AppDelegate.swift in Sources */,
			);
			runOnlyForDeploymentPostprocessing = 0;
		};
		6F6E80FB20CF704600E5F509 /* Sources */ = {
			isa = PBXSourcesBuildPhase;
			buildActionMask = 2147483647;
			files = (
				6F6E810420CF704600E5F509 /* LoginTests.swift in Sources */,
			);
			runOnlyForDeploymentPostprocessing = 0;
		};
		6F6E810620CF704600E5F509 /* Sources */ = {
			isa = PBXSourcesBuildPhase;
			buildActionMask = 2147483647;
			files = (
				6F6E810F20CF704600E5F509 /* LoginUITests.swift in Sources */,
			);
			runOnlyForDeploymentPostprocessing = 0;
		};
/* End PBXSourcesBuildPhase section */

/* Begin PBXTargetDependency section */
		6F6E810120CF704600E5F509 /* PBXTargetDependency */ = {
			isa = PBXTargetDependency;
			target = 6F6E80EA20CF704200E5F509 /* Login */;
			targetProxy = 6F6E810020CF704600E5F509 /* PBXContainerItemProxy */;
		};
		6F6E810C20CF704600E5F509 /* PBXTargetDependency */ = {
			isa = PBXTargetDependency;
			target = 6F6E80EA20CF704200E5F509 /* Login */;
			targetProxy = 6F6E810B20CF704600E5F509 /* PBXContainerItemProxy */;
		};
/* End PBXTargetDependency section */

/* Begin PBXVariantGroup section */
		6F6E80F220CF704200E5F509 /* Main.storyboard */ = {
			isa = PBXVariantGroup;
			children = (
				6F6E80F320CF704200E5F509 /* Base */,
			);
			name = Main.storyboard;
			sourceTree = "<group>";
		};
		6F6E80F720CF704500E5F509 /* LaunchScreen.storyboard */ = {
			isa = PBXVariantGroup;
			children = (
				6F6E80F820CF704500E5F509 /* Base */,
			);
			name = LaunchScreen.storyboard;
			sourceTree = "<group>";
		};
/* End PBXVariantGroup section */

/* Begin XCBuildConfiguration section */
		6F6E811120CF704600E5F509 /* Debug */ = {
			isa = XCBuildConfiguration;
			buildSettings = {
				ALWAYS_SEARCH_USER_PATHS = NO;
				CLANG_ANALYZER_NONNULL = YES;
				CLANG_ANALYZER_NUMBER_OBJECT_CONVERSION = YES_AGGRESSIVE;
				CLANG_CXX_LANGUAGE_STANDARD = "gnu++14";
				CLANG_CXX_LIBRARY = "libc++";
				CLANG_ENABLE_MODULES = YES;
				CLANG_ENABLE_OBJC_ARC = YES;
				CLANG_ENABLE_OBJC_WEAK = YES;
				CLANG_WARN_BLOCK_CAPTURE_AUTORELEASING = YES;
				CLANG_WARN_BOOL_CONVERSION = YES;
				CLANG_WARN_COMMA = YES;
				CLANG_WARN_CONSTANT_CONVERSION = YES;
				CLANG_WARN_DEPRECATED_OBJC_IMPLEMENTATIONS = YES;
				CLANG_WARN_DIRECT_OBJC_ISA_USAGE = YES_ERROR;
				CLANG_WARN_DOCUMENTATION_COMMENTS = YES;
				CLANG_WARN_EMPTY_BODY = YES;
				CLANG_WARN_ENUM_CONVERSION = YES;
				CLANG_WARN_INFINITE_RECURSION = YES;
				CLANG_WARN_INT_CONVERSION = YES;
				CLANG_WARN_NON_LITERAL_NULL_CONVERSION = YES;
				CLANG_WARN_OBJC_IMPLICIT_RETAIN_SELF = YES;
				CLANG_WARN_OBJC_LITERAL_CONVERSION = YES;
				CLANG_WARN_OBJC_ROOT_CLASS = YES_ERROR;
				CLANG_WARN_RANGE_LOOP_ANALYSIS = YES;
				CLANG_WARN_STRICT_PROTOTYPES = YES;
				CLANG_WARN_SUSPICIOUS_MOVE = YES;
				CLANG_WARN_UNGUARDED_AVAILABILITY = YES_AGGRESSIVE;
				CLANG_WARN_UNREACHABLE_CODE = YES;
				CLANG_WARN__DUPLICATE_METHOD_MATCH = YES;
				CODE_SIGN_IDENTITY = "iPhone Developer";
				COPY_PHASE_STRIP = NO;
				DEBUG_INFORMATION_FORMAT = dwarf;
				ENABLE_STRICT_OBJC_MSGSEND = YES;
				ENABLE_TESTABILITY = YES;
				GCC_C_LANGUAGE_STANDARD = gnu11;
				GCC_DYNAMIC_NO_PIC = NO;
				GCC_NO_COMMON_BLOCKS = YES;
				GCC_OPTIMIZATION_LEVEL = 0;
				GCC_PREPROCESSOR_DEFINITIONS = (
					"DEBUG=1",
					"$(inherited)",
				);
				GCC_WARN_64_TO_32_BIT_CONVERSION = YES;
				GCC_WARN_ABOUT_RETURN_TYPE = YES_ERROR;
				GCC_WARN_UNDECLARED_SELECTOR = YES;
				GCC_WARN_UNINITIALIZED_AUTOS = YES_AGGRESSIVE;
				GCC_WARN_UNUSED_FUNCTION = YES;
				GCC_WARN_UNUSED_VARIABLE = YES;
				IPHONEOS_DEPLOYMENT_TARGET = 11.4;
				MTL_ENABLE_DEBUG_INFO = YES;
				ONLY_ACTIVE_ARCH = YES;
				SDKROOT = iphoneos;
				SWIFT_ACTIVE_COMPILATION_CONDITIONS = DEBUG;
				SWIFT_OPTIMIZATION_LEVEL = "-Onone";
			};
			name = Debug;
		};
		6F6E811220CF704600E5F509 /* Release */ = {
			isa = XCBuildConfiguration;
			buildSettings = {
				ALWAYS_SEARCH_USER_PATHS = NO;
				CLANG_ANALYZER_NONNULL = YES;
				CLANG_ANALYZER_NUMBER_OBJECT_CONVERSION = YES_AGGRESSIVE;
				CLANG_CXX_LANGUAGE_STANDARD = "gnu++14";
				CLANG_CXX_LIBRARY = "libc++";
				CLANG_ENABLE_MODULES = YES;
				CLANG_ENABLE_OBJC_ARC = YES;
				CLANG_ENABLE_OBJC_WEAK = YES;
				CLANG_WARN_BLOCK_CAPTURE_AUTORELEASING = YES;
				CLANG_WARN_BOOL_CONVERSION = YES;
				CLANG_WARN_COMMA = YES;
				CLANG_WARN_CONSTANT_CONVERSION = YES;
				CLANG_WARN_DEPRECATED_OBJC_IMPLEMENTATIONS = YES;
				CLANG_WARN_DIRECT_OBJC_ISA_USAGE = YES_ERROR;
				CLANG_WARN_DOCUMENTATION_COMMENTS = YES;
				CLANG_WARN_EMPTY_BODY = YES;
				CLANG_WARN_ENUM_CONVERSION = YES;
				CLANG_WARN_INFINITE_RECURSION = YES;
				CLANG_WARN_INT_CONVERSION = YES;
				CLANG_WARN_NON_LITERAL_NULL_CONVERSION = YES;
				CLANG_WARN_OBJC_IMPLICIT_RETAIN_SELF = YES;
				CLANG_WARN_OBJC_LITERAL_CONVERSION = YES;
				CLANG_WARN_OBJC_ROOT_CLASS = YES_ERROR;
				CLANG_WARN_RANGE_LOOP_ANALYSIS = YES;
				CLANG_WARN_STRICT_PROTOTYPES = YES;
				CLANG_WARN_SUSPICIOUS_MOVE = YES;
				CLANG_WARN_UNGUARDED_AVAILABILITY = YES_AGGRESSIVE;
				CLANG_WARN_UNREACHABLE_CODE = YES;
				CLANG_WARN__DUPLICATE_METHOD_MATCH = YES;
				CODE_SIGN_IDENTITY = "iPhone Developer";
				COPY_PHASE_STRIP = NO;
				DEBUG_INFORMATION_FORMAT = "dwarf-with-dsym";
				ENABLE_NS_ASSERTIONS = NO;
				ENABLE_STRICT_OBJC_MSGSEND = YES;
				GCC_C_LANGUAGE_STANDARD = gnu11;
				GCC_NO_COMMON_BLOCKS = YES;
				GCC_WARN_64_TO_32_BIT_CONVERSION = YES;
				GCC_WARN_ABOUT_RETURN_TYPE = YES_ERROR;
				GCC_WARN_UNDECLARED_SELECTOR = YES;
				GCC_WARN_UNINITIALIZED_AUTOS = YES_AGGRESSIVE;
				GCC_WARN_UNUSED_FUNCTION = YES;
				GCC_WARN_UNUSED_VARIABLE = YES;
				IPHONEOS_DEPLOYMENT_TARGET = 11.4;
				MTL_ENABLE_DEBUG_INFO = NO;
				SDKROOT = iphoneos;
				SWIFT_COMPILATION_MODE = wholemodule;
				SWIFT_OPTIMIZATION_LEVEL = "-O";
				VALIDATE_PRODUCT = YES;
			};
			name = Release;
		};
		6F6E811420CF704600E5F509 /* Debug */ = {
			isa = XCBuildConfiguration;
			buildSettings = {
				ASSETCATALOG_COMPILER_APPICON_NAME = AppIcon;
				CODE_SIGN_STYLE = Automatic;
				INFOPLIST_FILE = Login/Info.plist;
				LD_RUNPATH_SEARCH_PATHS = (
					"$(inherited)",
					"@executable_path/Frameworks",
				);
				PRODUCT_BUNDLE_IDENTIFIER = miniHR.Login;
				PRODUCT_NAME = "$(TARGET_NAME)";
				SWIFT_VERSION = 4.0;
				TARGETED_DEVICE_FAMILY = "1,2";
			};
			name = Debug;
		};
		6F6E811520CF704600E5F509 /* Release */ = {
			isa = XCBuildConfiguration;
			buildSettings = {
				ASSETCATALOG_COMPILER_APPICON_NAME = AppIcon;
				CODE_SIGN_STYLE = Automatic;
				INFOPLIST_FILE = Login/Info.plist;
				LD_RUNPATH_SEARCH_PATHS = (
					"$(inherited)",
					"@executable_path/Frameworks",
				);
				PRODUCT_BUNDLE_IDENTIFIER = miniHR.Login;
				PRODUCT_NAME = "$(TARGET_NAME)";
				SWIFT_VERSION = 4.0;
				TARGETED_DEVICE_FAMILY = "1,2";
			};
			name = Release;
		};
		6F6E811720CF704600E5F509 /* Debug */ = {
			isa = XCBuildConfiguration;
			buildSettings = {
				ALWAYS_EMBED_SWIFT_STANDARD_LIBRARIES = YES;
				BUNDLE_LOADER = "$(TEST_HOST)";
				CODE_SIGN_STYLE = Automatic;
				INFOPLIST_FILE = LoginTests/Info.plist;
				LD_RUNPATH_SEARCH_PATHS = (
					"$(inherited)",
					"@executable_path/Frameworks",
					"@loader_path/Frameworks",
				);
				PRODUCT_BUNDLE_IDENTIFIER = miniHR.LoginTests;
				PRODUCT_NAME = "$(TARGET_NAME)";
				SWIFT_VERSION = 4.0;
				TARGETED_DEVICE_FAMILY = "1,2";
				TEST_HOST = "$(BUILT_PRODUCTS_DIR)/Login.app/Login";
			};
			name = Debug;
		};
		6F6E811820CF704600E5F509 /* Release */ = {
			isa = XCBuildConfiguration;
			buildSettings = {
				ALWAYS_EMBED_SWIFT_STANDARD_LIBRARIES = YES;
				BUNDLE_LOADER = "$(TEST_HOST)";
				CODE_SIGN_STYLE = Automatic;
				INFOPLIST_FILE = LoginTests/Info.plist;
				LD_RUNPATH_SEARCH_PATHS = (
					"$(inherited)",
					"@executable_path/Frameworks",
					"@loader_path/Frameworks",
				);
				PRODUCT_BUNDLE_IDENTIFIER = miniHR.LoginTests;
				PRODUCT_NAME = "$(TARGET_NAME)";
				SWIFT_VERSION = 4.0;
				TARGETED_DEVICE_FAMILY = "1,2";
				TEST_HOST = "$(BUILT_PRODUCTS_DIR)/Login.app/Login";
			};
			name = Release;
		};
		6F6E811A20CF704600E5F509 /* Debug */ = {
			isa = XCBuildConfiguration;
			buildSettings = {
				ALWAYS_EMBED_SWIFT_STANDARD_LIBRARIES = YES;
				CODE_SIGN_STYLE = Automatic;
				INFOPLIST_FILE = LoginUITests/Info.plist;
				LD_RUNPATH_SEARCH_PATHS = (
					"$(inherited)",
					"@executable_path/Frameworks",
					"@loader_path/Frameworks",
				);
				PRODUCT_BUNDLE_IDENTIFIER = miniHR.LoginUITests;
				PRODUCT_NAME = "$(TARGET_NAME)";
				SWIFT_VERSION = 4.0;
				TARGETED_DEVICE_FAMILY = "1,2";
				TEST_TARGET_NAME = Login;
			};
			name = Debug;
		};
		6F6E811B20CF704600E5F509 /* Release */ = {
			isa = XCBuildConfiguration;
			buildSettings = {
				ALWAYS_EMBED_SWIFT_STANDARD_LIBRARIES = YES;
				CODE_SIGN_STYLE = Automatic;
				INFOPLIST_FILE = LoginUITests/Info.plist;
				LD_RUNPATH_SEARCH_PATHS = (
					"$(inherited)",
					"@executable_path/Frameworks",
					"@loader_path/Frameworks",
				);
				PRODUCT_BUNDLE_IDENTIFIER = miniHR.LoginUITests;
				PRODUCT_NAME = "$(TARGET_NAME)";
				SWIFT_VERSION = 4.0;
				TARGETED_DEVICE_FAMILY = "1,2";
				TEST_TARGET_NAME = Login;
			};
			name = Release;
		};
/* End XCBuildConfiguration section */

/* Begin XCConfigurationList section */
		6F6E80E620CF704200E5F509 /* Build configuration list for PBXProject "Login" */ = {
			isa = XCConfigurationList;
			buildConfigurations = (
				6F6E811120CF704600E5F509 /* Debug */,
				6F6E811220CF704600E5F509 /* Release */,
			);
			defaultConfigurationIsVisible = 0;
			defaultConfigurationName = Release;
		};
		6F6E811320CF704600E5F509 /* Build configuration list for PBXNativeTarget "Login" */ = {
			isa = XCConfigurationList;
			buildConfigurations = (
				6F6E811420CF704600E5F509 /* Debug */,
				6F6E811520CF704600E5F509 /* Release */,
			);
			defaultConfigurationIsVisible = 0;
			defaultConfigurationName = Release;
		};
		6F6E811620CF704600E5F509 /* Build configuration list for PBXNativeTarget "LoginTests" */ = {
			isa = XCConfigurationList;
			buildConfigurations = (
				6F6E811720CF704600E5F509 /* Debug */,
				6F6E811820CF704600E5F509 /* Release */,
			);
			defaultConfigurationIsVisible = 0;
			defaultConfigurationName = Release;
		};
		6F6E811920CF704600E5F509 /* Build configuration list for PBXNativeTarget "LoginUITests" */ = {
			isa = XCConfigurationList;
			buildConfigurations = (
				6F6E811A20CF704600E5F509 /* Debug */,
				6F6E811B20CF704600E5F509 /* Release */,
			);
			defaultConfigurationIsVisible = 0;
			defaultConfigurationName = Release;
		};
/* End XCConfigurationList section */
	};
	rootObject = 6F6E80E320CF704200E5F509 /* Project object */;
}
